{
  "lockfile_version": "1",
  "packages": {
    "ansible-lint@25.8.2": {
      "last_modified": "2026-08-08T22:24:59Z",
      "resolved": "github:NixOS/nixpkgs/fe6deff5fad4a42d0e08d2bab3f2d6c7c88f3fe5#ansible-lint",
      "source": "devbox-search",
      "version": "25.8.2",
      "systems": {
        "aarch64-darwin": {
          "outputs": [
            {
              "name": "out",
              "path": "/nix/store/0x50wd8j98lc6f55z97z87bf9s6wdywv-ansible-lint-25.8.2",
              "default": true
            },
            {
              "name": "dist",
              "path": "/nix/store/kp6vcwiwl4zbnf7g40fj9blxd22anrgr-ansible-lint-25.8.2-dist"
            }
          ],
          "store_path": "/nix/store/0x50wd8j98lc6f55z97z87bf9s6wdywv-ansible-lint-25.8.2"
        },
        "aarch64-linux": {
          "outputs": [
            {
              "name": "out",
              "path": "/nix/store/by37b9sz5fax2m8wdr8frcl956sp54ck-ansible-lint-25.8.2",
              "default": true
            },
            {
              "name": "dist",
              "path": "/nix/store/airm2r8dppnfkc6cl3470bb6i7d6w030-ansible-lint-25.8.2-dist"
            }
          ],
          "store_path": "/nix/store/by37b9sz5fax2m8wdr8frcl956sp54ck-ansible-lint-25.8.2"
        },
        "x86_64-darwin": {
          "outputs": [
            {
              "name": "out",
              "path": "/nix/store/mhgajzzpprc8i67i4523wmyf8iwapgpy-ansible-lint-25.8.2",
              "default": true
            },
            {
              "name": "dist",
              "path": "/nix/store/crh61azbn7cr5abymv8dzs8afyg82011-ansible-lint-25.8.2-dist"
            }
          ],
          "store_path": "/nix/store/mhgajzzpprc8i67i4523wmyf8iwapgpy-ansible-lint-25.8.2"
        },
        "x86_64-linux": {
          "outputs": [
            {
              "name": "out",
              "path": "/nix/store/xpkdcyfi2a87aw79dpmhwlkcq605wq4b-ansible-lint-25.8.2",
              "default": true
            },
            {
              "name": "dist",
              "path": "/nix/store/js4mzhigiiks39zjzdyvjsaycqvfk638-ansible-lint-25.8.2-dist"
            }
          ],
          "store_path": "/nix/store/xpkdcyfi2a87aw79dpmhwlkcq605wq4b-ansible-lint-25.8.2"
        }
      }
    },
    "ansible@2.21.1": {
      "last_modified": "2026-08-03T00:04:07Z",
      "resolved": "github:NixOS/nixpkgs/243895692ae2a2fbd08a05141462c0cc0d3ca10f#ansible",
      "source": "devbox-search",
      "version": "2.21.1",
      "systems": {
        "aarch64-darwin": {
          "outputs": [
            {
              "name": "out",
              "path": "/nix/store/i3z487hsdzhf5cz9qqsvs2a06rx5801c-python3.14-ansible-core-2.21.1",
              "default": true
            },
            {
              "name": "dist",
              "path": "/nix/store/acxch3csy0p2hvvc5z41gyjb7hf1995b-python3.14-ansible-core-2.21.1-dist"
            }
          ],
          "store_path": "/nix/store/i3z487hsdzhf5cz9qqsvs2a06rx5801c-python3.14-ansible-core-2.21.1"
        },
        "aarch64-linux": {
          "outputs": [
            {
              "name": "out",
              "path": "/nix/store/ydvnq17h1ppxxqc76wqd3qn6ynrzlj16-python3.14-ansible-core-2.21.1",
              "default": true
            },
            {
              "name": "dist",
              "path": "/nix/store/rgb8s39fqlyd9b3vj3ghxad7nhdv7avm-python3.14-ansible-core-2.21.1-dist"
            }
          ],
          "store_path": "/nix/store/ydvnq17h1ppxxqc76wqd3qn6ynrzlj16-python3.14-ansible-core-2.21.1"
        },
        "x86_64-darwin": {
          "outputs": [
            {
              "name": "out",
              "path": "/nix/store/291ym9bdzf65w9bij0n7hgih9np4lzd4-python3.13-ansible-core-2.21.1",
              "default": true
            },
            {
              "name": "dist",
              "path": "/nix/store/zpsfwv55vvv228rm95yvvw3i1q5j26jy-python3.13-ansible-core-2.21.1-dist"
            }
          ],
          "store_path": "/nix/store/291ym9bdzf65w9bij0n7hgih9np4lzd4-python3.13-ansible-core-2.21.1"
        },
        "x86_64-linux": {
          "outputs": [
            {
              "name": "out",
              "path": "/nix/store/z23sjj8qxvc4xcr35crdasyiw1z67ycf-python3.14-ansible-core-2.21.1",
              "default": true
            },
            {
              "name": "dist",
              "path": "/nix/store/2sh1kn8zhfk614w1411w0q2pf10ir90s-python3.14-ansible-core-2.21.1-dist"
            }
          ],
          "store_path": "/nix/store/z23sjj8qxvc4xcr35crdasyiw1z67ycf-python3.14-ansible-core-2.21.1"
        }
      }
    },
    "awscli2@2.34.24": {
      "last_modified": "2026-07-08T21:13:06Z",
      "resolved": "github:NixOS/nixpkgs/389ed85304b281ca7f306cf8a1eb4378651ca44e#awscli2",
      "source": "devbox-search",
      "version": "2.34.24",
      "systems": {
        "aarch64-darwin": {
          "outputs": [
            {
              "name": "out",
              "path": "/nix/store/6kjs83bfqnxfyqp6rhnbn129j2vbrvqb-awscli2-2.34.24",
              "default": true
            },
            {
              "name": "dist",
              "path": "/nix/store/0zgj0phrd23dnacdikhvjfxi5vck7amx-awscli2-2.34.24-dist"
            }
          ],
          "store_path": "/nix/store/6kjs83bfqnxfyqp6rhnbn129j2vbrvqb-awscli2-2.34.24"
        },
        "aarch64-linux": {
          "outputs": [
            {
              "name": "out",
              "path": "/nix/store/ams235d7b0ldlcl72xb7x6ig4crzlxwm-awscli2-2.34.24",
              "default": true
            },
            {
              "name": "dist",
              "path": "/nix/store/87z8ps74b7s6kvbk0vh8azchamlp249z-awscli2-2.34.24-dist"
            }
          ],
          "store_path": "/nix/store/ams235d7b0ldlcl72xb7x6ig4crzlxwm-awscli2-2.34.24"
        },
        "x86_64-darwin": {
          "outputs": [
            {
              "name": "out",
              "path": "/nix/store/s24i1bj3l4xx8vm2gym7fypskjljp2mn-awscli2-2.34.24",
              "default": true
            },
            {
              "name": "dist",
              "path": "/nix/store/1a995djpcs9wknjw260qq0qwv2y338gs-awscli2-2.34.24-dist"
            }
          ],
          "store_path": "/nix/store/s24i1bj3l4xx8vm2gym7fypskjljp2mn-awscli2-2.34.24"
        },
        "x86_64-linux": {
          "outputs": [
            {
              "name": "out",
              "path": "/nix/store/i6wlmyn1slhn6ycl8p1awlh9lwa2m1bg-awscli2-2.34.24",
              "default": true
            },
            {
              "name": "dist",
              "path": "/nix/store/w4wnsbb4zw9rrkjhiscswjqsqjhwy6z5-awscli2-2.34.24-dist"
            }
          ],
          "store_path": "/nix/store/i6wlmyn1slhn6ycl8p1awlh9lwa2m1bg-awscli2-2.34.24"
        }
      }
    },
    "git@2.54.0": {
      "last_modified": "2026-07-08T21:13:06Z",
      "resolved": "github:NixOS/nixpkgs/389ed85304b281ca7f306cf8a1eb4378651ca44e#git",
      "source": "devbox-search",
      "version": "2.54.0",
      "systems": {
        "aarch64-darwin": {
          "outputs": [
            {
              "name": "out",
              "path": "/nix/store/01258rj9fvamcl4bf7yjffysmwyvd72i-git-2.54.0",
              "default": true
            },
            {
              "name": "doc",
              "path": "/nix/store/fa8bp120sy3kiyrsy6l47lfan0zjl589-git-2.54.0-doc"
            }
          ],
          "store_path": "/nix/store/01258rj9fvamcl4bf7yjffysmwyvd72i-git-2.54.0"
        },
        "aarch64-linux": {
          "outputs": [
            {
              "name": "out",
              "path": "/nix/store/r0581vs09k8g2pkd41w4g7m8y14rnpbc-git-2.54.0",
              "default": true
            },
            {
              "name": "doc",
              "path": "/nix/store/hypxgl3rcxiyj56dq1ixwihqg23asklm-git-2.54.0-doc"
            },
            {
              "name": "debug",
              "path": "/nix/store/pf9h57hj6j7s6p16y9j3xlhqgzn60nin-git-2.54.0-debug"
            }
          ],
          "store_path": "/nix/store/r0581vs09k8g2pkd41w4g7m8y14rnpbc-git-2.54.0"
        },
        "x86_64-darwin": {
          "outputs": [
            {
              "name": "out",
              "path": "/nix/store/x671lak90qvcxgc5irp4xv5zdbaym2yr-git-2.54.0",
              "default": true
            },
            {
              "name": "doc",
              "path": "/nix/store/zakmjh312hmg2yslsyqmnw8lb8dgmyyk-git-2.54.0-doc"
            }
          ],
          "store_path": "/nix/store/x671lak90qvcxgc5irp4xv5zdbaym2yr-git-2.54.0"
        },
        "x86_64-linux": {
          "outputs": [
            {
              "name": "out",
              "path": "/nix/store/1k2lblqlj39azh6wn1sffa2869vrg3mr-git-2.54.0",
              "default": true
            },
            {
              "name": "debug",
              "path": "/nix/store/6mj7lgxzx4zzdinr3xvxwa8gd0jrp4jq-git-2.54.0-debug"
            },
            {
              "name": "doc",
              "path": "/nix/store/6k14cjwl7a5q78w3dddbm4x49k9g4ywp-git-2.54.0-doc"
            }
          ],
          "store_path": "/nix/store/1k2lblqlj39azh6wn1sffa2869vrg3mr-git-2.54.0"
        }
      }
    },
    "github:NixOS/nixpkgs/nixpkgs-unstable": {
      "last_modified": "2026-08-13T03:55:42Z",
      "resolved": "github:NixOS/nixpkgs/6b5e5b7a6631f065bf6908986990b37d845f847f?lastModified=1786593342&narHash=sha256-smTKQXMLLStzc8zJevMCckbk3My7SvbbLmPYZUJJKW4%3D"
    },
    "jq@1.8.2": {
      "last_modified": "2026-08-08T22:24:59Z",
      "resolved": "github:NixOS/nixpkgs/fe6deff5fad4a42d0e08d2bab3f2d6c7c88f3fe5#jq",
      "source": "devbox-search",
      "version": "1.8.2",
      "systems": {
        "aarch64-darwin": {
          "outputs": [
            {
              "name": "bin",
              "path": "/nix/store/si622aj9znsy96kdwsrg54dxzp9m35qw-jq-1.8.2-bin",
              "default": true
            },
            {
              "name": "man",
              "path": "/nix/store/jp2c61il2ycagni1j5c1jrglnypvbf5k-jq-1.8.2-man",
              "default": true
            },
            {
              "name": "dev",
              "path": "/nix/store/zcvl9cnw5a44f74gw8aa8fh8cfynjc76-jq-1.8.2-dev"
            },
            {
              "name": "doc",
              "path": "/nix/store/4s66blj2afdqbzaq8ilw30v7kpjb6ypw-jq-1.8.2-doc"
            },
            {
              "name": "out",
              "path": "/nix/store/z28yr7h99fi3mch4dh3bc50bjk6malsl-jq-1.8.2"
            }
          ],
          "store_path": "/nix/store/si622aj9znsy96kdwsrg54dxzp9m35qw-jq-1.8.2-bin"
        },
        "aarch64-linux": {
          "outputs": [
            {
              "name": "bin",
              "path": "/nix/store/rjaclwgima9ssysv7v0h2hq46g8sikd4-jq-1.8.2-bin",
              "default": true
            },
            {
              "name": "man",
              "path": "/nix/store/1w15pijismpwnainv71a6pdnsypjnqg7-jq-1.8.2-man",
              "default": true
            },
            {
              "name": "dev",
              "path": "/nix/store/yy0mx8yjmzkk154mmp1vx4b0kz0ndw6y-jq-1.8.2-dev"
            },
            {
              "name": "doc",
              "path": "/nix/store/yqx0xva9dq6rnvxgwcadrmni1l8ympa1-jq-1.8.2-doc"
            },
            {
              "name": "out",
              "path": "/nix/store/0x995g1z807ynhzsh2f6yj0jsw6pr50f-jq-1.8.2"
            }
          ],
          "store_path": "/nix/store/rjaclwgima9ssysv7v0h2hq46g8sikd4-jq-1.8.2-bin"
        },
        "x86_64-linux": {
          "outputs": [
            {
              "name": "bin",
              "path": "/nix/store/4b6f9wb1qak318gk7mxlfkhril6lxpcx-jq-1.8.2-bin",
              "default": true
            },
            {
              "name": "man",
              "path": "/nix/store/4zwaa20khsi2drbg16i5z3wxbjf88mm6-jq-1.8.2-man",
              "default": true
            },
            {
              "name": "dev",
              "path": "/nix/store/sp8a7n50g32lzzsc7dz09ry2vc9bh4y0-jq-1.8.2-dev"
            },
            {
              "name": "doc",
              "path": "/nix/store/dp4rs4vpwp44c7vvgskj1hly0d6xqf2m-jq-1.8.2-doc"
            },
            {
              "name": "out",
              "path": "/nix/store/z438hrlp3j75bpmq87ymzabb8vrda8ps-jq-1.8.2"
            }
          ],
          "store_path": "/nix/store/4b6f9wb1qak318gk7mxlfkhril6lxpcx-jq-1.8.2-bin"
        }
      }
    },
    "packer@1.15.3": {
      "last_modified": "2026-05-21T08:15:18Z",
      "resolved": "github:NixOS/nixpkgs/4a29d733e8a7d5b824c3d8c958a946a9867b3eb2#packer",
      "source": "devbox-search",
      "version": "1.15.3",
      "systems": {
        "aarch64-darwin": {
          "outputs": [
            {
              "name": "out",
              "path": "/nix/store/iiypr4rq4k4paa5dgwdw89d4nhyx8022-packer-1.15.3",
              "default": true
            }
          ],
          "store_path": "/nix/store/iiypr4rq4k4paa5dgwdw89d4nhyx8022-packer-1.15.3"
        },
        "aarch64-linux": {
          "outputs": [
            {
              "name": "out",
              "path": "/nix/store/q19y281ydrxkw9hi87g7rppi68ljfnsy-packer-1.15.3",
              "default": true
            }
          ],
          "store_path": "/nix/store/q19y281ydrxkw9hi87g7rppi68ljfnsy-packer-1.15.3"
        },
        "x86_64-darwin": {
          "outputs": [
            {
              "name": "out",
              "path": "/nix/store/fgpi40xgzcq56bqg78mq0mynczidwzdm-packer-1.15.3",
              "default": true
            }
          ],
          "store_path": "/nix/store/fgpi40xgzcq56bqg78mq0mynczidwzdm-packer-1.15.3"
        },
        "x86_64-linux": {
          "outputs": [
            {
              "name": "out",
              "path": "/nix/store/hiklizklm21icgig8lr43cfvdi6xahdv-packer-1.15.3",
              "default": true
            }
          ],
          "store_path": "/nix/store/hiklizklm21icgig8lr43cfvdi6xahdv-packer-1.15.3"
        }
      }
    },
    "pre-commit@4.5.1": {
      "last_modified": "2026-08-01T16:34:20Z",
      "resolved": "github:NixOS/nixpkgs/a5cbcfe954791221bfffe2307f7d1a1bf61a871e#pre-commit",
      "source": "devbox-search",
      "version": "4.5.1",
      "systems": {
        "aarch64-darwin": {
          "outputs": [
            {
              "name": "out",
              "path": "/nix/store/vmgvgxg2gkbw1xnw6531fgyvd86472yj-pre-commit-4.5.1",
              "default": true
            },
            {
              "name": "dist",
              "path": "/nix/store/4rdwkcdf5607g5h5g6cmz3adnhpdv31w-pre-commit-4.5.1-dist"
            }
          ],
          "store_path": "/nix/store/vmgvgxg2gkbw1xnw6531fgyvd86472yj-pre-commit-4.5.1"
        },
        "aarch64-linux": {
          "outputs": [
            {
              "name": "out",
              "path": "/nix/store/6g08bbrl95q9jkpkpc5nqqgy68xyg6k5-pre-commit-4.5.1",
              "default": true
            },
            {
              "name": "dist",
              "path": "/nix/store/c93jvsbqx95lv5q3k6vz80i7vlbxlr7x-pre-commit-4.5.1-dist"
            }
          ],
          "store_path": "/nix/store/6g08bbrl95q9jkpkpc5nqqgy68xyg6k5-pre-commit-4.5.1"
        },
        "x86_64-darwin": {
          "outputs": [
            {
              "name": "out",
              "path": "/nix/store/51i9rjiyhdnxd96rp3cc8ykhcld7zhqq-pre-commit-4.5.1",
              "default": true
            },
            {
              "name": "dist",
              "path": "/nix/store/hphzzlh3q6nz74px0mq2a1h7yqkyr35b-pre-commit-4.5.1-dist"
            }
          ],
          "store_path": "/nix/store/51i9rjiyhdnxd96rp3cc8ykhcld7zhqq-pre-commit-4.5.1"
        },
        "x86_64-linux": {
          "outputs": [
            {
              "name": "out",
              "path": "/nix/store/swjb3sk5kh2wna8ykb16gxm967x0lhdp-pre-commit-4.5.1",
              "default": true
            },
            {
              "name": "dist",
              "path": "/nix/store/drsz0r6fzvy6vwyya1b2d65mshbfz3m3-pre-commit-4.5.1-dist"
            }
          ],
          "store_path": "/nix/store/swjb3sk5kh2wna8ykb16gxm967x0lhdp-pre-commit-4.5.1"
        }
      }
    },
    "terraform@1.15.3": {
      "last_modified": "2026-05-21T08:15:18Z",
      "resolved": "github:NixOS/nixpkgs/4a29d733e8a7d5b824c3d8c958a946a9867b3eb2#terraform",
      "source": "devbox-search",
      "version": "1.15.3",
      "systems": {
        "aarch64-darwin": {
          "outputs": [
            {
              "name": "out",
              "path": "/nix/store/frz1a65dfr9w2xyd47fqf8h65rk8dbvh-terraform-1.15.3",
              "default": true
            }
          ],
          "store_path": "/nix/store/frz1a65dfr9w2xyd47fqf8h65rk8dbvh-terraform-1.15.3"
        },
        "aarch64-linux": {
          "outputs": [
            {
              "name": "out",
              "path": "/nix/store/dh43jps5m2ixm51j63knxhymfcjfbrz9-terraform-1.15.3",
              "default": true
            }
          ],
          "store_path": "/nix/store/dh43jps5m2ixm51j63knxhymfcjfbrz9-terraform-1.15.3"
        },
        "x86_64-darwin": {
          "outputs": [
            {
              "name": "out",
              "path": "/nix/store/70k82ysczqfgmlwki5fqjvhvcfqafnsv-terraform-1.15.3",
              "default": true
            }
          ],
          "store_path": "/nix/store/70k82ysczqfgmlwki5fqjvhvcfqafnsv-terraform-1.15.3"
        },
        "x86_64-linux": {
          "outputs": [
            {
              "name": "out",
              "path": "/nix/store/mkqh65h5ymdw12w7iaxy7b5r5j5vmd5x-terraform-1.15.3",
              "default": true
            }
          ],
          "store_path": "/nix/store/mkqh65h5ymdw12w7iaxy7b5r5j5vmd5x-terraform-1.15.3"
        }
      }
    },
    "trivy@0.72.0": {
      "last_modified": "2026-08-01T16:34:20Z",
      "resolved": "github:NixOS/nixpkgs/a5cbcfe954791221bfffe2307f7d1a1bf61a871e#trivy",
      "source": "devbox-search",
      "version": "0.72.0",
      "systems": {
        "aarch64-darwin": {
          "outputs": [
            {
              "name": "out",
              "path": "/nix/store/yf83r0jnypw4b2p49vwmyx3j4ghyk7m0-trivy-0.72.0",
              "default": true
            }
          ],
          "store_path": "/nix/store/yf83r0jnypw4b2p49vwmyx3j4ghyk7m0-trivy-0.72.0"
        },
        "aarch64-linux": {
          "outputs": [
            {
              "name": "out",
              "path": "/nix/store/b0ccbp5qy6sjwscxkxk6rnnis3mi3pnv-trivy-0.72.0",
              "default": true
            }
          ],
          "store_path": "/nix/store/b0ccbp5qy6sjwscxkxk6rnnis3mi3pnv-trivy-0.72.0"
        },
        "x86_64-darwin": {
          "outputs": [
            {
              "name": "out",
              "path": "/nix/store/8k87qdbswg62ids7r10kfn3c12j8m3ah-trivy-0.72.0",
              "default": true
            }
          ],
          "store_path": "/nix/store/8k87qdbswg62ids7r10kfn3c12j8m3ah-trivy-0.72.0"
        },
        "x86_64-linux": {
          "outputs": [
            {
              "name": "out",
              "path": "/nix/store/4s52vsgj3sv9wlyiz8dv0h8j29xisily-trivy-0.72.0",
              "default": true
            }
          ],
          "store_path": "/nix/store/4s52vsgj3sv9wlyiz8dv0h8j29xisily-trivy-0.72.0"
        }
      }
    }
  }
}
